PODS:
  - Alamofire (5.0.2)
  - Moya (14.0.0):
    - Moya/Core (= 14.0.0)
  - Moya/Core (14.0.0):
    - Alamofire (~> 5.0)
  - "NSObject+Rx (5.0.0)":
    - RxSwift (~> 5.0)
  - ObjcExceptionBridging (1.0.1):
    - ObjcExceptionBridging/ObjcExceptionBridging (= 1.0.1)
  - ObjcExceptionBridging/ObjcExceptionBridging (1.0.1)
  - Reusable (4.1.1):
    - Reusable/Storyboard (= 4.1.1)
    - Reusable/View (= 4.1.1)
  - Reusable/Storyboard (4.1.1)
  - Reusable/View (4.1.1)
  - RxCocoa (5.1.0):
    - RxRelay (~> 5)
    - RxSwift (~> 5)
  - RxRelay (5.1.0):
    - RxSwift (~> 5)
  - RxSwift (5.1.0)
  - Then (2.6.0)
  - Validator (3.2.1)
  - XCGLogger (7.0.1):
    - XCGLogger/Core (= 7.0.1)
  - XCGLogger/Core (7.0.1):
    - ObjcExceptionBridging

DEPENDENCIES:
  - Moya (~> 14.0)
  - "NSObject+Rx (~> 5.0)"
  - Reusable
  - RxCocoa (~> 5)
  - RxSwift (~> 5)
  - Then
  - Validator
  - XCGLogger (~> 7.0.1)

SPEC REPOS:
  trunk:
    - Alamofire
    - Moya
    - "NSObject+Rx"
    - ObjcExceptionBridging
    - Reusable
    - RxCocoa
    - RxRelay
    - RxSwift
    - Then
    - Validator
    - XCGLogger

SPEC CHECKSUMS:
  Alamofire: 3ba7a4db18b4f62c4a1c0e1cb39d7f3d52e10ada
  Moya: 5b45dacb75adb009f97fde91c204c1e565d31916
  "NSObject+Rx": 6151a97d171f7187c4183746acc42d9451952a7b
  ObjcExceptionBridging: c30e00eb3700467e695faeea30e26e18bd445001
  Reusable: 53a9acf5c536f229b31b5865782414b508252ddb
  RxCocoa: 13d2a4d7546a34b8ececae8c281e4ea1dbb94f2b
  RxRelay: a168bd6caf712d00c676ac344e9295afc93b418e
  RxSwift: ad5874f24bb0dbffd1e9bb8443604e3578796c7a
  Then: 90cd104fd951cec1980a03f57704ad8f784d4d79
  Validator: 80a6f567220c962dfd2d9928ae98a8c1d164f6f4
  XCGLogger: 1943831ef907df55108b0b18657953f868de973b

PODFILE CHECKSUM: 531cf1f235c1dbc97b06f46013c36ab733e8c656

COCOAPODS: 1.9.0
