PODS:
  - SwiftLint (0.39.1)
  - Then (2.6.0)
  - Toast-Swift (5.0.1)

DEPENDENCIES:
  - SwiftLint
  - Then
  - Toast-Swift (~> 5.0)

SPEC REPOS:
  trunk:
    - SwiftLint
    - Then
    - Toast-Swift

SPEC CHECKSUMS:
  SwiftLint: 55e96a4a4d537d4a3156859fc1c54bd24851a046
  Then: 90cd104fd951cec1980a03f57704ad8f784d4d79
  Toast-Swift: 9b6a70f28b3bf0b96c40d46c0c4b9d6639846711

PODFILE CHECKSUM: 047a5f28afe77d42f90edc161fadddbccb60b999

COCOAPODS: 1.9.1
